
Microsoft Visual Studio Solution File, Format Version 12.00
# Visual Studio Version 16
VisualStudioVersion = 16.0.31702.278
MinimumVisualStudioVersion = 10.0.40219.1
Project("{FAE04EC0-301F-11D3-BF4B-00C04F79EFBC}") = "Rekrusion - Fibonacci", "Rekrusion - Fibonacci\Rekrusion - Fibonacci.csproj", "{384F899A-FA86-4424-B7FD-EE81182A9C7E}"
EndProject
Global
	GlobalSection(SolutionConfigurationPlatforms) = preSolution
		Debug|Any CPU = Debug|Any CPU
		Release|Any CPU = Release|Any CPU
	EndGlobalSection
	GlobalSection(ProjectConfigurationPlatforms) = postSolution
		{384F899A-FA86-4424-B7FD-EE81182A9C7E}.Debug|Any CPU.ActiveCfg = Debug|Any CPU
		{384F899A-FA86-4424-B7FD-EE81182A9C7E}.Debug|Any CPU.Build.0 = Debug|Any CPU
		{384F899A-FA86-4424-B7FD-EE81182A9C7E}.Release|Any CPU.ActiveCfg = Release|Any CPU
		{384F899A-FA86-4424-B7FD-EE81182A9C7E}.Release|Any CPU.Build.0 = Release|Any CPU
	EndGlobalSection
	GlobalSection(SolutionProperties) = preSolution
		HideSolutionNode = FALSE
	EndGlobalSection
	GlobalSection(ExtensibilityGlobals) = postSolution
		SolutionGuid = {5F88AD62-4349-4EC2-95BB-B4357359A649}
	EndGlobalSection
EndGlobal
