
Microsoft Visual Studio Solution File, Format Version 12.00
# Visual Studio Version 16
VisualStudioVersion = 16.0.31702.278
MinimumVisualStudioVersion = 10.0.40219.1
Project("{FAE04EC0-301F-11D3-BF4B-00C04F79EFBC}") = "MergeSort", "MergeSort\MergeSort.csproj", "{3E3A2CCF-B9B1-4999-9463-E1A41DA4877B}"
EndProject
Global
	GlobalSection(SolutionConfigurationPlatforms) = preSolution
		Debug|Any CPU = Debug|Any CPU
		Release|Any CPU = Release|Any CPU
	EndGlobalSection
	GlobalSection(ProjectConfigurationPlatforms) = postSolution
		{3E3A2CCF-B9B1-4999-9463-E1A41DA4877B}.Debug|Any CPU.ActiveCfg = Debug|Any CPU
		{3E3A2CCF-B9B1-4999-9463-E1A41DA4877B}.Debug|Any CPU.Build.0 = Debug|Any CPU
		{3E3A2CCF-B9B1-4999-9463-E1A41DA4877B}.Release|Any CPU.ActiveCfg = Release|Any CPU
		{3E3A2CCF-B9B1-4999-9463-E1A41DA4877B}.Release|Any CPU.Build.0 = Release|Any CPU
	EndGlobalSection
	GlobalSection(SolutionProperties) = preSolution
		HideSolutionNode = FALSE
	EndGlobalSection
	GlobalSection(ExtensibilityGlobals) = postSolution
		SolutionGuid = {19EDAE9B-DA01-4574-88BA-8EABEA9100C9}
	EndGlobalSection
EndGlobal
