
Microsoft Visual Studio Solution File, Format Version 12.00
# Visual Studio Version 16
VisualStudioVersion = 16.0.31702.278
MinimumVisualStudioVersion = 10.0.40219.1
Project("{FAE04EC0-301F-11D3-BF4B-00C04F79EFBC}") = "SortingWSearchTree", "SortingWSearchTree\SortingWSearchTree.csproj", "{194CB7A4-20F9-48F1-918D-B4CD5C78D398}"
EndProject
Global
	GlobalSection(SolutionConfigurationPlatforms) = preSolution
		Debug|Any CPU = Debug|Any CPU
		Release|Any CPU = Release|Any CPU
	EndGlobalSection
	GlobalSection(ProjectConfigurationPlatforms) = postSolution
		{194CB7A4-20F9-48F1-918D-B4CD5C78D398}.Debug|Any CPU.ActiveCfg = Debug|Any CPU
		{194CB7A4-20F9-48F1-918D-B4CD5C78D398}.Debug|Any CPU.Build.0 = Debug|Any CPU
		{194CB7A4-20F9-48F1-918D-B4CD5C78D398}.Release|Any CPU.ActiveCfg = Release|Any CPU
		{194CB7A4-20F9-48F1-918D-B4CD5C78D398}.Release|Any CPU.Build.0 = Release|Any CPU
	EndGlobalSection
	GlobalSection(SolutionProperties) = preSolution
		HideSolutionNode = FALSE
	EndGlobalSection
	GlobalSection(ExtensibilityGlobals) = postSolution
		SolutionGuid = {D68EDDF0-EC81-45D7-9AAD-06678F82C356}
	EndGlobalSection
EndGlobal
